
Microsoft Visual Studio Solution File, Format Version 12.00
# Visual Studio 15
VisualStudioVersion = 15.0.26124.0
MinimumVisualStudioVersion = 15.0.26124.0
Project("{FAE04EC0-301F-11D3-BF4B-00C04F79EFBC}") = "Store.Domain", "Store.Domain\Store.Domain.csproj", "{00149CB8-0C84-40B1-B571-652E3FADFFF1}"
EndProject
Project("{FAE04EC0-301F-11D3-BF4B-00C04F79EFBC}") = "Store.Repository", "Store.Repository\Store.Repository.csproj", "{9789D92F-5D88-4D97-97A9-D0FED522A371}"
EndProject
Project("{FAE04EC0-301F-11D3-BF4B-00C04F79EFBC}") = "Store.WebApi", "Store.WebApi\Store.WebApi.csproj", "{A2332438-CB3B-4BD2-A3E9-0CA3794E7988}"
EndProject
Global
	GlobalSection(SolutionConfigurationPlatforms) = preSolution
		Debug|Any CPU = Debug|Any CPU
		Debug|x64 = Debug|x64
		Debug|x86 = Debug|x86
		Release|Any CPU = Release|Any CPU
		Release|x64 = Release|x64
		Release|x86 = Release|x86
	EndGlobalSection
	GlobalSection(SolutionProperties) = preSolution
		HideSolutionNode = FALSE
	EndGlobalSection
	GlobalSection(ProjectConfigurationPlatforms) = postSolution
		{00149CB8-0C84-40B1-B571-652E3FADFFF1}.Debug|Any CPU.ActiveCfg = Debug|Any CPU
		{00149CB8-0C84-40B1-B571-652E3FADFFF1}.Debug|Any CPU.Build.0 = Debug|Any CPU
		{00149CB8-0C84-40B1-B571-652E3FADFFF1}.Debug|x64.ActiveCfg = Debug|Any CPU
		{00149CB8-0C84-40B1-B571-652E3FADFFF1}.Debug|x64.Build.0 = Debug|Any CPU
		{00149CB8-0C84-40B1-B571-652E3FADFFF1}.Debug|x86.ActiveCfg = Debug|Any CPU
		{00149CB8-0C84-40B1-B571-652E3FADFFF1}.Debug|x86.Build.0 = Debug|Any CPU
		{00149CB8-0C84-40B1-B571-652E3FADFFF1}.Release|Any CPU.ActiveCfg = Release|Any CPU
		{00149CB8-0C84-40B1-B571-652E3FADFFF1}.Release|Any CPU.Build.0 = Release|Any CPU
		{00149CB8-0C84-40B1-B571-652E3FADFFF1}.Release|x64.ActiveCfg = Release|Any CPU
		{00149CB8-0C84-40B1-B571-652E3FADFFF1}.Release|x64.Build.0 = Release|Any CPU
		{00149CB8-0C84-40B1-B571-652E3FADFFF1}.Release|x86.ActiveCfg = Release|Any CPU
		{00149CB8-0C84-40B1-B571-652E3FADFFF1}.Release|x86.Build.0 = Release|Any CPU
		{9789D92F-5D88-4D97-97A9-D0FED522A371}.Debug|Any CPU.ActiveCfg = Debug|Any CPU
		{9789D92F-5D88-4D97-97A9-D0FED522A371}.Debug|Any CPU.Build.0 = Debug|Any CPU
		{9789D92F-5D88-4D97-97A9-D0FED522A371}.Debug|x64.ActiveCfg = Debug|Any CPU
		{9789D92F-5D88-4D97-97A9-D0FED522A371}.Debug|x64.Build.0 = Debug|Any CPU
		{9789D92F-5D88-4D97-97A9-D0FED522A371}.Debug|x86.ActiveCfg = Debug|Any CPU
		{9789D92F-5D88-4D97-97A9-D0FED522A371}.Debug|x86.Build.0 = Debug|Any CPU
		{9789D92F-5D88-4D97-97A9-D0FED522A371}.Release|Any CPU.ActiveCfg = Release|Any CPU
		{9789D92F-5D88-4D97-97A9-D0FED522A371}.Release|Any CPU.Build.0 = Release|Any CPU
		{9789D92F-5D88-4D97-97A9-D0FED522A371}.Release|x64.ActiveCfg = Release|Any CPU
		{9789D92F-5D88-4D97-97A9-D0FED522A371}.Release|x64.Build.0 = Release|Any CPU
		{9789D92F-5D88-4D97-97A9-D0FED522A371}.Release|x86.ActiveCfg = Release|Any CPU
		{9789D92F-5D88-4D97-97A9-D0FED522A371}.Release|x86.Build.0 = Release|Any CPU
		{A2332438-CB3B-4BD2-A3E9-0CA3794E7988}.Debug|Any CPU.ActiveCfg = Debug|Any CPU
		{A2332438-CB3B-4BD2-A3E9-0CA3794E7988}.Debug|Any CPU.Build.0 = Debug|Any CPU
		{A2332438-CB3B-4BD2-A3E9-0CA3794E7988}.Debug|x64.ActiveCfg = Debug|Any CPU
		{A2332438-CB3B-4BD2-A3E9-0CA3794E7988}.Debug|x64.Build.0 = Debug|Any CPU
		{A2332438-CB3B-4BD2-A3E9-0CA3794E7988}.Debug|x86.ActiveCfg = Debug|Any CPU
		{A2332438-CB3B-4BD2-A3E9-0CA3794E7988}.Debug|x86.Build.0 = Debug|Any CPU
		{A2332438-CB3B-4BD2-A3E9-0CA3794E7988}.Release|Any CPU.ActiveCfg = Release|Any CPU
		{A2332438-CB3B-4BD2-A3E9-0CA3794E7988}.Release|Any CPU.Build.0 = Release|Any CPU
		{A2332438-CB3B-4BD2-A3E9-0CA3794E7988}.Release|x64.ActiveCfg = Release|Any CPU
		{A2332438-CB3B-4BD2-A3E9-0CA3794E7988}.Release|x64.Build.0 = Release|Any CPU
		{A2332438-CB3B-4BD2-A3E9-0CA3794E7988}.Release|x86.ActiveCfg = Release|Any CPU
		{A2332438-CB3B-4BD2-A3E9-0CA3794E7988}.Release|x86.Build.0 = Release|Any CPU
	EndGlobalSection
EndGlobal
